// !$*UTF8*$!
{
	archiveVersion = 1;
	classes = {
	};
	objectVersion = 56;
	objects = {

/* Begin PBXBuildFile section */
		804D99C02AD884CC00EE1DBB /* Natife_TestApp.swift in Sources */ = {isa = PBXBuildFile; fileRef = 804D99BF2AD884CC00EE1DBB /* Natife_TestApp.swift */; };
		804D99C22AD884CC00EE1DBB /* ContentView.swift in Sources */ = {isa = PBXBuildFile; fileRef = 804D99C12AD884CC00EE1DBB /* ContentView.swift */; };
		804D99C42AD884CE00EE1DBB /* Assets.xcassets in Resources */ = {isa = PBXBuildFile; fileRef = 804D99C32AD884CE00EE1DBB /* Assets.xcassets */; };
		804D99C72AD884CE00EE1DBB /* Preview Assets.xcassets in Resources */ = {isa = PBXBuildFile; fileRef = 804D99C62AD884CE00EE1DBB /* Preview Assets.xcassets */; };
		804D99CF2AD8850300EE1DBB /* PostModel.swift in Sources */ = {isa = PBXBuildFile; fileRef = 804D99CE2AD8850300EE1DBB /* PostModel.swift */; };
		804D99D12AD8851400EE1DBB /* MultiplePostsModel.swift in Sources */ = {isa = PBXBuildFile; fileRef = 804D99D02AD8851400EE1DBB /* MultiplePostsModel.swift */; };
		804D99D42AD8856C00EE1DBB /* NetworkManager.swift in Sources */ = {isa = PBXBuildFile; fileRef = 804D99D32AD8856C00EE1DBB /* NetworkManager.swift */; };
/* End PBXBuildFile section */

/* Begin PBXFileReference section */
		804D99BC2AD884CC00EE1DBB /* Natife-Test.app */ = {isa = PBXFileReference; explicitFileType = wrapper.application; includeInIndex = 0; path = "Natife-Test.app"; sourceTree = BUILT_PRODUCTS_DIR; };
		804D99BF2AD884CC00EE1DBB /* Natife_TestApp.swift */ = {isa = PBXFileReference; lastKnownFileType = sourcecode.swift; path = Natife_TestApp.swift; sourceTree = "<group>"; };
		804D99C12AD884CC00EE1DBB /* ContentView.swift */ = {isa = PBXFileReference; lastKnownFileType = sourcecode.swift; path = ContentView.swift; sourceTree = "<group>"; };
		804D99C32AD884CE00EE1DBB /* Assets.xcassets */ = {isa = PBXFileReference; lastKnownFileType = folder.assetcatalog; path = Assets.xcassets; sourceTree = "<group>"; };
		804D99C62AD884CE00EE1DBB /* Preview Assets.xcassets */ = {isa = PBXFileReference; lastKnownFileType = folder.assetcatalog; path = "Preview Assets.xcassets"; sourceTree = "<group>"; };
		804D99CE2AD8850300EE1DBB /* PostModel.swift */ = {isa = PBXFileReference; lastKnownFileType = sourcecode.swift; path = PostModel.swift; sourceTree = "<group>"; };
		804D99D02AD8851400EE1DBB /* MultiplePostsModel.swift */ = {isa = PBXFileReference; lastKnownFileType = sourcecode.swift; path = MultiplePostsModel.swift; sourceTree = "<group>"; };
		804D99D32AD8856C00EE1DBB /* NetworkManager.swift */ = {isa = PBXFileReference; lastKnownFileType = sourcecode.swift; path = NetworkManager.swift; sourceTree = "<group>"; };
/* End PBXFileReference section */

/* Begin PBXFrameworksBuildPhase section */
		804D99B92AD884CC00EE1DBB /* Frameworks */ = {
			isa = PBXFrameworksBuildPhase;
			buildActionMask = 2147483647;
			files = (
			);
			runOnlyForDeploymentPostprocessing = 0;
		};
/* End PBXFrameworksBuildPhase section */

/* Begin PBXGroup section */
		804D99B32AD884CC00EE1DBB = {
			isa = PBXGroup;
			children = (
				804D99BE2AD884CC00EE1DBB /* Natife-Test */,
				804D99BD2AD884CC00EE1DBB /* Products */,
			);
			sourceTree = "<group>";
		};
		804D99BD2AD884CC00EE1DBB /* Products */ = {
			isa = PBXGroup;
			children = (
				804D99BC2AD884CC00EE1DBB /* Natife-Test.app */,
			);
			name = Products;
			sourceTree = "<group>";
		};
		804D99BE2AD884CC00EE1DBB /* Natife-Test */ = {
			isa = PBXGroup;
			children = (
				804D99D22AD8855F00EE1DBB /* Managers */,
				804D99CD2AD884DF00EE1DBB /* Models */,
				804D99BF2AD884CC00EE1DBB /* Natife_TestApp.swift */,
				804D99C12AD884CC00EE1DBB /* ContentView.swift */,
				804D99C32AD884CE00EE1DBB /* Assets.xcassets */,
				804D99C52AD884CE00EE1DBB /* Preview Content */,
			);
			path = "Natife-Test";
			sourceTree = "<group>";
		};
		804D99C52AD884CE00EE1DBB /* Preview Content */ = {
			isa = PBXGroup;
			children = (
				804D99C62AD884CE00EE1DBB /* Preview Assets.xcassets */,
			);
			path = "Preview Content";
			sourceTree = "<group>";
		};
		804D99CD2AD884DF00EE1DBB /* Models */ = {
			isa = PBXGroup;
			children = (
				804D99CE2AD8850300EE1DBB /* PostModel.swift */,
				804D99D02AD8851400EE1DBB /* MultiplePostsModel.swift */,
			);
			path = Models;
			sourceTree = "<group>";
		};
		804D99D22AD8855F00EE1DBB /* Managers */ = {
			isa = PBXGroup;
			children = (
				804D99D32AD8856C00EE1DBB /* NetworkManager.swift */,
			);
			path = Managers;
			sourceTree = "<group>";
		};
/* End PBXGroup section */

/* Begin PBXNativeTarget section */
		804D99BB2AD884CC00EE1DBB /* Natife-Test */ = {
			isa = PBXNativeTarget;
			buildConfigurationList = 804D99CA2AD884CE00EE1DBB /* Build configuration list for PBXNativeTarget "Natife-Test" */;
			buildPhases = (
				804D99B82AD884CC00EE1DBB /* Sources */,
				804D99B92AD884CC00EE1DBB /* Frameworks */,
				804D99BA2AD884CC00EE1DBB /* Resources */,
			);
			buildRules = (
			);
			dependencies = (
			);
			name = "Natife-Test";
			productName = "Natife-Test";
			productReference = 804D99BC2AD884CC00EE1DBB /* Natife-Test.app */;
			productType = "com.apple.product-type.application";
		};
/* End PBXNativeTarget section */

/* Begin PBXProject section */
		804D99B42AD884CC00EE1DBB /* Project object */ = {
			isa = PBXProject;
			attributes = {
				BuildIndependentTargetsInParallel = 1;
				LastSwiftUpdateCheck = 1500;
				LastUpgradeCheck = 1500;
				TargetAttributes = {
					804D99BB2AD884CC00EE1DBB = {
						CreatedOnToolsVersion = 15.0;
					};
				};
			};
			buildConfigurationList = 804D99B72AD884CC00EE1DBB /* Build configuration list for PBXProject "Natife-Test" */;
			compatibilityVersion = "Xcode 14.0";
			developmentRegion = en;
			hasScannedForEncodings = 0;
			knownRegions = (
				en,
				Base,
			);
			mainGroup = 804D99B32AD884CC00EE1DBB;
			productRefGroup = 804D99BD2AD884CC00EE1DBB /* Products */;
			projectDirPath = "";
			projectRoot = "";
			targets = (
				804D99BB2AD884CC00EE1DBB /* Natife-Test */,
			);
		};
/* End PBXProject section */

/* Begin PBXResourcesBuildPhase section */
		804D99BA2AD884CC00EE1DBB /* Resources */ = {
			isa = PBXResourcesBuildPhase;
			buildActionMask = 2147483647;
			files = (
				804D99C72AD884CE00EE1DBB /* Preview Assets.xcassets in Resources */,
				804D99C42AD884CE00EE1DBB /* Assets.xcassets in Resources */,
			);
			runOnlyForDeploymentPostprocessing = 0;
		};
/* End PBXResourcesBuildPhase section */

/* Begin PBXSourcesBuildPhase section */
		804D99B82AD884CC00EE1DBB /* Sources */ = {
			isa = PBXSourcesBuildPhase;
			buildActionMask = 2147483647;
			files = (
				804D99C22AD884CC00EE1DBB /* ContentView.swift in Sources */,
				804D99D12AD8851400EE1DBB /* MultiplePostsModel.swift in Sources */,
				804D99D42AD8856C00EE1DBB /* NetworkManager.swift in Sources */,
				804D99CF2AD8850300EE1DBB /* PostModel.swift in Sources */,
				804D99C02AD884CC00EE1DBB /* Natife_TestApp.swift in Sources */,
			);
			runOnlyForDeploymentPostprocessing = 0;
		};
/* End PBXSourcesBuildPhase section */

/* Begin XCBuildConfiguration section */
		804D99C82AD884CE00EE1DBB /* Debug */ = {
			isa = XCBuildConfiguration;
			buildSettings = {
				ALWAYS_SEARCH_USER_PATHS = NO;
				ASSETCATALOG_COMPILER_GENERATE_SWIFT_ASSET_SYMBOL_EXTENSIONS = YES;
				CLANG_ANALYZER_NONNULL = YES;
				CLANG_ANALYZER_NUMBER_OBJECT_CONVERSION = YES_AGGRESSIVE;
				CLANG_CXX_LANGUAGE_STANDARD = "gnu++20";
				CLANG_ENABLE_MODULES = YES;
				CLANG_ENABLE_OBJC_ARC = YES;
				CLANG_ENABLE_OBJC_WEAK = YES;
				CLANG_WARN_BLOCK_CAPTURE_AUTORELEASING = YES;
				CLANG_WARN_BOOL_CONVERSION = YES;
				CLANG_WARN_COMMA = YES;
				CLANG_WARN_CONSTANT_CONVERSION = YES;
				CLANG_WARN_DEPRECATED_OBJC_IMPLEMENTATIONS = YES;
				CLANG_WARN_DIRECT_OBJC_ISA_USAGE = YES_ERROR;
				CLANG_WARN_DOCUMENTATION_COMMENTS = YES;
				CLANG_WARN_EMPTY_BODY = YES;
				CLANG_WARN_ENUM_CONVERSION = YES;
				CLANG_WARN_INFINITE_RECURSION = YES;
				CLANG_WARN_INT_CONVERSION = YES;
				CLANG_WARN_NON_LITERAL_NULL_CONVERSION = YES;
				CLANG_WARN_OBJC_IMPLICIT_RETAIN_SELF = YES;
				CLANG_WARN_OBJC_LITERAL_CONVERSION = YES;
				CLANG_WARN_OBJC_ROOT_CLASS = YES_ERROR;
				CLANG_WARN_QUOTED_INCLUDE_IN_FRAMEWORK_HEADER = YES;
				CLANG_WARN_RANGE_LOOP_ANALYSIS = YES;
				CLANG_WARN_STRICT_PROTOTYPES = YES;
				CLANG_WARN_SUSPICIOUS_MOVE = YES;
				CLANG_WARN_UNGUARDED_AVAILABILITY = YES_AGGRESSIVE;
				CLANG_WARN_UNREACHABLE_CODE = YES;
				CLANG_WARN__DUPLICATE_METHOD_MATCH = YES;
				COPY_PHASE_STRIP = NO;
				DEBUG_INFORMATION_FORMAT = dwarf;
				ENABLE_STRICT_OBJC_MSGSEND = YES;
				ENABLE_TESTABILITY = YES;
				ENABLE_USER_SCRIPT_SANDBOXING = YES;
				GCC_C_LANGUAGE_STANDARD = gnu17;
				GCC_DYNAMIC_NO_PIC = NO;
				GCC_NO_COMMON_BLOCKS = YES;
				GCC_OPTIMIZATION_LEVEL = 0;
				GCC_PREPROCESSOR_DEFINITIONS = (
					"DEBUG=1",
					"$(inherited)",
				);
				GCC_WARN_64_TO_32_BIT_CONVERSION = YES;
				GCC_WARN_ABOUT_RETURN_TYPE = YES_ERROR;
				GCC_WARN_UNDECLARED_SELECTOR = YES;
				GCC_WARN_UNINITIALIZED_AUTOS = YES_AGGRESSIVE;
				GCC_WARN_UNUSED_FUNCTION = YES;
				GCC_WARN_UNUSED_VARIABLE = YES;
				IPHONEOS_DEPLOYMENT_TARGET = 17.0;
				LOCALIZATION_PREFERS_STRING_CATALOGS = YES;
				MTL_ENABLE_DEBUG_INFO = INCLUDE_SOURCE;
				MTL_FAST_MATH = YES;
				ONLY_ACTIVE_ARCH = YES;
				SDKROOT = iphoneos;
				SWIFT_ACTIVE_COMPILATION_CONDITIONS = "DEBUG $(inherited)";
				SWIFT_OPTIMIZATION_LEVEL = "-Onone";
			};
			name = Debug;
		};
		804D99C92AD884CE00EE1DBB /* Release */ = {
			isa = XCBuildConfiguration;
			buildSettings = {
				ALWAYS_SEARCH_USER_PATHS = NO;
				ASSETCATALOG_COMPILER_GENERATE_SWIFT_ASSET_SYMBOL_EXTENSIONS = YES;
				CLANG_ANALYZER_NONNULL = YES;
				CLANG_ANALYZER_NUMBER_OBJECT_CONVERSION = YES_AGGRESSIVE;
				CLANG_CXX_LANGUAGE_STANDARD = "gnu++20";
				CLANG_ENABLE_MODULES = YES;
				CLANG_ENABLE_OBJC_ARC = YES;
				CLANG_ENABLE_OBJC_WEAK = YES;
				CLANG_WARN_BLOCK_CAPTURE_AUTORELEASING = YES;
				CLANG_WARN_BOOL_CONVERSION = YES;
				CLANG_WARN_COMMA = YES;
				CLANG_WARN_CONSTANT_CONVERSION = YES;
				CLANG_WARN_DEPRECATED_OBJC_IMPLEMENTATIONS = YES;
				CLANG_WARN_DIRECT_OBJC_ISA_USAGE = YES_ERROR;
				CLANG_WARN_DOCUMENTATION_COMMENTS = YES;
				CLANG_WARN_EMPTY_BODY = YES;
				CLANG_WARN_ENUM_CONVERSION = YES;
				CLANG_WARN_INFINITE_RECURSION = YES;
				CLANG_WARN_INT_CONVERSION = YES;
				CLANG_WARN_NON_LITERAL_NULL_CONVERSION = YES;
				CLANG_WARN_OBJC_IMPLICIT_RETAIN_SELF = YES;
				CLANG_WARN_OBJC_LITERAL_CONVERSION = YES;
				CLANG_WARN_OBJC_ROOT_CLASS = YES_ERROR;
				CLANG_WARN_QUOTED_INCLUDE_IN_FRAMEWORK_HEADER = YES;
				CLANG_WARN_RANGE_LOOP_ANALYSIS = YES;
				CLANG_WARN_STRICT_PROTOTYPES = YES;
				CLANG_WARN_SUSPICIOUS_MOVE = YES;
				CLANG_WARN_UNGUARDED_AVAILABILITY = YES_AGGRESSIVE;
				CLANG_WARN_UNREACHABLE_CODE = YES;
				CLANG_WARN__DUPLICATE_METHOD_MATCH = YES;
				COPY_PHASE_STRIP = NO;
				DEBUG_INFORMATION_FORMAT = "dwarf-with-dsym";
				ENABLE_NS_ASSERTIONS = NO;
				ENABLE_STRICT_OBJC_MSGSEND = YES;
				ENABLE_USER_SCRIPT_SANDBOXING = YES;
				GCC_C_LANGUAGE_STANDARD = gnu17;
				GCC_NO_COMMON_BLOCKS = YES;
				GCC_WARN_64_TO_32_BIT_CONVERSION = YES;
				GCC_WARN_ABOUT_RETURN_TYPE = YES_ERROR;
				GCC_WARN_UNDECLARED_SELECTOR = YES;
				GCC_WARN_UNINITIALIZED_AUTOS = YES_AGGRESSIVE;
				GCC_WARN_UNUSED_FUNCTION = YES;
				GCC_WARN_UNUSED_VARIABLE = YES;
				IPHONEOS_DEPLOYMENT_TARGET = 17.0;
				LOCALIZATION_PREFERS_STRING_CATALOGS = YES;
				MTL_ENABLE_DEBUG_INFO = NO;
				MTL_FAST_MATH = YES;
				SDKROOT = iphoneos;
				SWIFT_COMPILATION_MODE = wholemodule;
				VALIDATE_PRODUCT = YES;
			};
			name = Release;
		};
		804D99CB2AD884CE00EE1DBB /* Debug */ = {
			isa = XCBuildConfiguration;
			buildSettings = {
				ASSETCATALOG_COMPILER_APPICON_NAME = AppIcon;
				ASSETCATALOG_COMPILER_GLOBAL_ACCENT_COLOR_NAME = AccentColor;
				CODE_SIGN_STYLE = Automatic;
				CURRENT_PROJECT_VERSION = 1;
				DEVELOPMENT_ASSET_PATHS = "\"Natife-Test/Preview Content\"";
				DEVELOPMENT_TEAM = T3UJS8MYS7;
				ENABLE_PREVIEWS = YES;
				GENERATE_INFOPLIST_FILE = YES;
				INFOPLIST_KEY_UIApplicationSceneManifest_Generation = YES;
				INFOPLIST_KEY_UIApplicationSupportsIndirectInputEvents = YES;
				INFOPLIST_KEY_UILaunchScreen_Generation = YES;
				INFOPLIST_KEY_UISupportedInterfaceOrientations_iPad = "UIInterfaceOrientationPortrait UIInterfaceOrientationPortraitUpsideDown UIInterfaceOrientationLandscapeLeft UIInterfaceOrientationLandscapeRight";
				INFOPLIST_KEY_UISupportedInterfaceOrientations_iPhone = "UIInterfaceOrientationPortrait UIInterfaceOrientationLandscapeLeft UIInterfaceOrientationLandscapeRight";
				LD_RUNPATH_SEARCH_PATHS = (
					"$(inherited)",
					"@executable_path/Frameworks",
				);
				MARKETING_VERSION = 1.0;
				PRODUCT_BUNDLE_IDENTIFIER = "com.VolodymyrVolynets.Natife-Test";
				PRODUCT_NAME = "$(TARGET_NAME)";
				SWIFT_EMIT_LOC_STRINGS = YES;
				SWIFT_VERSION = 5.0;
				TARGETED_DEVICE_FAMILY = "1,2";
			};
			name = Debug;
		};
		804D99CC2AD884CE00EE1DBB /* Release */ = {
			isa = XCBuildConfiguration;
			buildSettings = {
				ASSETCATALOG_COMPILER_APPICON_NAME = AppIcon;
				ASSETCATALOG_COMPILER_GLOBAL_ACCENT_COLOR_NAME = AccentColor;
				CODE_SIGN_STYLE = Automatic;
				CURRENT_PROJECT_VERSION = 1;
				DEVELOPMENT_ASSET_PATHS = "\"Natife-Test/Preview Content\"";
				DEVELOPMENT_TEAM = T3UJS8MYS7;
				ENABLE_PREVIEWS = YES;
				GENERATE_INFOPLIST_FILE = YES;
				INFOPLIST_KEY_UIApplicationSceneManifest_Generation = YES;
				INFOPLIST_KEY_UIApplicationSupportsIndirectInputEvents = YES;
				INFOPLIST_KEY_UILaunchScreen_Generation = YES;
				INFOPLIST_KEY_UISupportedInterfaceOrientations_iPad = "UIInterfaceOrientationPortrait UIInterfaceOrientationPortraitUpsideDown UIInterfaceOrientationLandscapeLeft UIInterfaceOrientationLandscapeRight";
				INFOPLIST_KEY_UISupportedInterfaceOrientations_iPhone = "UIInterfaceOrientationPortrait UIInterfaceOrientationLandscapeLeft UIInterfaceOrientationLandscapeRight";
				LD_RUNPATH_SEARCH_PATHS = (
					"$(inherited)",
					"@executable_path/Frameworks",
				);
				MARKETING_VERSION = 1.0;
				PRODUCT_BUNDLE_IDENTIFIER = "com.VolodymyrVolynets.Natife-Test";
				PRODUCT_NAME = "$(TARGET_NAME)";
				SWIFT_EMIT_LOC_STRINGS = YES;
				SWIFT_VERSION = 5.0;
				TARGETED_DEVICE_FAMILY = "1,2";
			};
			name = Release;
		};
/* End XCBuildConfiguration section */

/* Begin XCConfigurationList section */
		804D99B72AD884CC00EE1DBB /* Build configuration list for PBXProject "Natife-Test" */ = {
			isa = XCConfigurationList;
			buildConfigurations = (
				804D99C82AD884CE00EE1DBB /* Debug */,
				804D99C92AD884CE00EE1DBB /* Release */,
			);
			defaultConfigurationIsVisible = 0;
			defaultConfigurationName = Release;
		};
		804D99CA2AD884CE00EE1DBB /* Build configuration list for PBXNativeTarget "Natife-Test" */ = {
			isa = XCConfigurationList;
			buildConfigurations = (
				804D99CB2AD884CE00EE1DBB /* Debug */,
				804D99CC2AD884CE00EE1DBB /* Release */,
			);
			defaultConfigurationIsVisible = 0;
			defaultConfigurationName = Release;
		};
/* End XCConfigurationList section */
	};
	rootObject = 804D99B42AD884CC00EE1DBB /* Project object */;
}
